// !$*UTF8*$!
{
	archiveVersion = 1;
	classes = {
	};
	objectVersion = 56;
	objects = {

/* Begin PBXBuildFile section */
		7B62EA862C5ACEA6008DC0F2 /* IslomAppApp.swift in Sources */ = {isa = PBXBuildFile; fileRef = 7B62EA852C5ACEA6008DC0F2 /* IslomAppApp.swift */; };
		7B62EA882C5ACEA6008DC0F2 /* ContentView.swift in Sources */ = {isa = PBXBuildFile; fileRef = 7B62EA872C5ACEA6008DC0F2 /* ContentView.swift */; };
		7B62EA8A2C5ACEA7008DC0F2 /* Assets.xcassets in Resources */ = {isa = PBXBuildFile; fileRef = 7B62EA892C5ACEA7008DC0F2 /* Assets.xcassets */; };
		7B62EA8D2C5ACEA7008DC0F2 /* Preview Assets.xcassets in Resources */ = {isa = PBXBuildFile; fileRef = 7B62EA8C2C5ACEA7008DC0F2 /* Preview Assets.xcassets */; };
		7B62EA972C5ACEA8008DC0F2 /* IslomAppTests.swift in Sources */ = {isa = PBXBuildFile; fileRef = 7B62EA962C5ACEA8008DC0F2 /* IslomAppTests.swift */; };
		7B62EAA12C5ACEA8008DC0F2 /* IslomAppUITests.swift in Sources */ = {isa = PBXBuildFile; fileRef = 7B62EAA02C5ACEA8008DC0F2 /* IslomAppUITests.swift */; };
		7B62EAA32C5ACEA8008DC0F2 /* IslomAppUITestsLaunchTests.swift in Sources */ = {isa = PBXBuildFile; fileRef = 7B62EAA22C5ACEA8008DC0F2 /* IslomAppUITestsLaunchTests.swift */; };
/* End PBXBuildFile section */

/* Begin PBXContainerItemProxy section */
		7B62EA932C5ACEA8008DC0F2 /* PBXContainerItemProxy */ = {
			isa = PBXContainerItemProxy;
			containerPortal = 7B62EA7A2C5ACEA6008DC0F2 /* Project object */;
			proxyType = 1;
			remoteGlobalIDString = 7B62EA812C5ACEA6008DC0F2;
			remoteInfo = IslomApp;
		};
		7B62EA9D2C5ACEA8008DC0F2 /* PBXContainerItemProxy */ = {
			isa = PBXContainerItemProxy;
			containerPortal = 7B62EA7A2C5ACEA6008DC0F2 /* Project object */;
			proxyType = 1;
			remoteGlobalIDString = 7B62EA812C5ACEA6008DC0F2;
			remoteInfo = IslomApp;
		};
/* End PBXContainerItemProxy section */

/* Begin PBXFileReference section */
		7B62EA822C5ACEA6008DC0F2 /* IslomApp.app */ = {isa = PBXFileReference; explicitFileType = wrapper.application; includeInIndex = 0; path = IslomApp.app; sourceTree = BUILT_PRODUCTS_DIR; };
		7B62EA852C5ACEA6008DC0F2 /* IslomAppApp.swift */ = {isa = PBXFileReference; lastKnownFileType = sourcecode.swift; path = IslomAppApp.swift; sourceTree = "<group>"; };
		7B62EA872C5ACEA6008DC0F2 /* ContentView.swift */ = {isa = PBXFileReference; lastKnownFileType = sourcecode.swift; path = ContentView.swift; sourceTree = "<group>"; };
		7B62EA892C5ACEA7008DC0F2 /* Assets.xcassets */ = {isa = PBXFileReference; lastKnownFileType = folder.assetcatalog; path = Assets.xcassets; sourceTree = "<group>"; };
		7B62EA8C2C5ACEA7008DC0F2 /* Preview Assets.xcassets */ = {isa = PBXFileReference; lastKnownFileType = folder.assetcatalog; path = "Preview Assets.xcassets"; sourceTree = "<group>"; };
		7B62EA922C5ACEA8008DC0F2 /* IslomAppTests.xctest */ = {isa = PBXFileReference; explicitFileType = wrapper.cfbundle; includeInIndex = 0; path = IslomAppTests.xctest; sourceTree = BUILT_PRODUCTS_DIR; };
		7B62EA962C5ACEA8008DC0F2 /* IslomAppTests.swift */ = {isa = PBXFileReference; lastKnownFileType = sourcecode.swift; path = IslomAppTests.swift; sourceTree = "<group>"; };
		7B62EA9C2C5ACEA8008DC0F2 /* IslomAppUITests.xctest */ = {isa = PBXFileReference; explicitFileType = wrapper.cfbundle; includeInIndex = 0; path = IslomAppUITests.xctest; sourceTree = BUILT_PRODUCTS_DIR; };
		7B62EAA02C5ACEA8008DC0F2 /* IslomAppUITests.swift */ = {isa = PBXFileReference; lastKnownFileType = sourcecode.swift; path = IslomAppUITests.swift; sourceTree = "<group>"; };
		7B62EAA22C5ACEA8008DC0F2 /* IslomAppUITestsLaunchTests.swift */ = {isa = PBXFileReference; lastKnownFileType = sourcecode.swift; path = IslomAppUITestsLaunchTests.swift; sourceTree = "<group>"; };
/* End PBXFileReference section */

/* Begin PBXFrameworksBuildPhase section */
		7B62EA7F2C5ACEA6008DC0F2 /* Frameworks */ = {
			isa = PBXFrameworksBuildPhase;
			buildActionMask = 2147483647;
			files = (
			);
			runOnlyForDeploymentPostprocessing = 0;
		};
		7B62EA8F2C5ACEA8008DC0F2 /* Frameworks */ = {
			isa = PBXFrameworksBuildPhase;
			buildActionMask = 2147483647;
			files = (
			);
			runOnlyForDeploymentPostprocessing = 0;
		};
		7B62EA992C5ACEA8008DC0F2 /* Frameworks */ = {
			isa = PBXFrameworksBuildPhase;
			buildActionMask = 2147483647;
			files = (
			);
			runOnlyForDeploymentPostprocessing = 0;
		};
/* End PBXFrameworksBuildPhase section */

/* Begin PBXGroup section */
		7B62EA792C5ACEA6008DC0F2 = {
			isa = PBXGroup;
			children = (
				7B62EA842C5ACEA6008DC0F2 /* IslomApp */,
				7B62EA952C5ACEA8008DC0F2 /* IslomAppTests */,
				7B62EA9F2C5ACEA8008DC0F2 /* IslomAppUITests */,
				7B62EA832C5ACEA6008DC0F2 /* Products */,
			);
			sourceTree = "<group>";
		};
		7B62EA832C5ACEA6008DC0F2 /* Products */ = {
			isa = PBXGroup;
			children = (
				7B62EA822C5ACEA6008DC0F2 /* IslomApp.app */,
				7B62EA922C5ACEA8008DC0F2 /* IslomAppTests.xctest */,
				7B62EA9C2C5ACEA8008DC0F2 /* IslomAppUITests.xctest */,
			);
			name = Products;
			sourceTree = "<group>";
		};
		7B62EA842C5ACEA6008DC0F2 /* IslomApp */ = {
			isa = PBXGroup;
			children = (
				7B62EA852C5ACEA6008DC0F2 /* IslomAppApp.swift */,
				7B62EA872C5ACEA6008DC0F2 /* ContentView.swift */,
				7B62EA892C5ACEA7008DC0F2 /* Assets.xcassets */,
				7B62EA8B2C5ACEA7008DC0F2 /* Preview Content */,
			);
			path = IslomApp;
			sourceTree = "<group>";
		};
		7B62EA8B2C5ACEA7008DC0F2 /* Preview Content */ = {
			isa = PBXGroup;
			children = (
				7B62EA8C2C5ACEA7008DC0F2 /* Preview Assets.xcassets */,
			);
			path = "Preview Content";
			sourceTree = "<group>";
		};
		7B62EA952C5ACEA8008DC0F2 /* IslomAppTests */ = {
			isa = PBXGroup;
			children = (
				7B62EA962C5ACEA8008DC0F2 /* IslomAppTests.swift */,
			);
			path = IslomAppTests;
			sourceTree = "<group>";
		};
		7B62EA9F2C5ACEA8008DC0F2 /* IslomAppUITests */ = {
			isa = PBXGroup;
			children = (
				7B62EAA02C5ACEA8008DC0F2 /* IslomAppUITests.swift */,
				7B62EAA22C5ACEA8008DC0F2 /* IslomAppUITestsLaunchTests.swift */,
			);
			path = IslomAppUITests;
			sourceTree = "<group>";
		};
/* End PBXGroup section */

/* Begin PBXNativeTarget section */
		7B62EA812C5ACEA6008DC0F2 /* IslomApp */ = {
			isa = PBXNativeTarget;
			buildConfigurationList = 7B62EAA62C5ACEA8008DC0F2 /* Build configuration list for PBXNativeTarget "IslomApp" */;
			buildPhases = (
				7B62EA7E2C5ACEA6008DC0F2 /* Sources */,
				7B62EA7F2C5ACEA6008DC0F2 /* Frameworks */,
				7B62EA802C5ACEA6008DC0F2 /* Resources */,
			);
			buildRules = (
			);
			dependencies = (
			);
			name = IslomApp;
			productName = IslomApp;
			productReference = 7B62EA822C5ACEA6008DC0F2 /* IslomApp.app */;
			productType = "com.apple.product-type.application";
		};
		7B62EA912C5ACEA8008DC0F2 /* IslomAppTests */ = {
			isa = PBXNativeTarget;
			buildConfigurationList = 7B62EAA92C5ACEA8008DC0F2 /* Build configuration list for PBXNativeTarget "IslomAppTests" */;
			buildPhases = (
				7B62EA8E2C5ACEA8008DC0F2 /* Sources */,
				7B62EA8F2C5ACEA8008DC0F2 /* Frameworks */,
				7B62EA902C5ACEA8008DC0F2 /* Resources */,
			);
			buildRules = (
			);
			dependencies = (
				7B62EA942C5ACEA8008DC0F2 /* PBXTargetDependency */,
			);
			name = IslomAppTests;
			productName = IslomAppTests;
			productReference = 7B62EA922C5ACEA8008DC0F2 /* IslomAppTests.xctest */;
			productType = "com.apple.product-type.bundle.unit-test";
		};
		7B62EA9B2C5ACEA8008DC0F2 /* IslomAppUITests */ = {
			isa = PBXNativeTarget;
			buildConfigurationList = 7B62EAAC2C5ACEA8008DC0F2 /* Build configuration list for PBXNativeTarget "IslomAppUITests" */;
			buildPhases = (
				7B62EA982C5ACEA8008DC0F2 /* Sources */,
				7B62EA992C5ACEA8008DC0F2 /* Frameworks */,
				7B62EA9A2C5ACEA8008DC0F2 /* Resources */,
			);
			buildRules = (
			);
			dependencies = (
				7B62EA9E2C5ACEA8008DC0F2 /* PBXTargetDependency */,
			);
			name = IslomAppUITests;
			productName = IslomAppUITests;
			productReference = 7B62EA9C2C5ACEA8008DC0F2 /* IslomAppUITests.xctest */;
			productType = "com.apple.product-type.bundle.ui-testing";
		};
/* End PBXNativeTarget section */

/* Begin PBXProject section */
		7B62EA7A2C5ACEA6008DC0F2 /* Project object */ = {
			isa = PBXProject;
			attributes = {
				BuildIndependentTargetsInParallel = 1;
				LastSwiftUpdateCheck = 1540;
				LastUpgradeCheck = 1540;
				TargetAttributes = {
					7B62EA812C5ACEA6008DC0F2 = {
						CreatedOnToolsVersion = 15.4;
					};
					7B62EA912C5ACEA8008DC0F2 = {
						CreatedOnToolsVersion = 15.4;
						TestTargetID = 7B62EA812C5ACEA6008DC0F2;
					};
					7B62EA9B2C5ACEA8008DC0F2 = {
						CreatedOnToolsVersion = 15.4;
						TestTargetID = 7B62EA812C5ACEA6008DC0F2;
					};
				};
			};
			buildConfigurationList = 7B62EA7D2C5ACEA6008DC0F2 /* Build configuration list for PBXProject "IslomApp" */;
			compatibilityVersion = "Xcode 14.0";
			developmentRegion = en;
			hasScannedForEncodings = 0;
			knownRegions = (
				en,
				Base,
			);
			mainGroup = 7B62EA792C5ACEA6008DC0F2;
			productRefGroup = 7B62EA832C5ACEA6008DC0F2 /* Products */;
			projectDirPath = "";
			projectRoot = "";
			targets = (
				7B62EA812C5ACEA6008DC0F2 /* IslomApp */,
				7B62EA912C5ACEA8008DC0F2 /* IslomAppTests */,
				7B62EA9B2C5ACEA8008DC0F2 /* IslomAppUITests */,
			);
		};
/* End PBXProject section */

/* Begin PBXResourcesBuildPhase section */
		7B62EA802C5ACEA6008DC0F2 /* Resources */ = {
			isa = PBXResourcesBuildPhase;
			buildActionMask = 2147483647;
			files = (
				7B62EA8D2C5ACEA7008DC0F2 /* Preview Assets.xcassets in Resources */,
				7B62EA8A2C5ACEA7008DC0F2 /* Assets.xcassets in Resources */,
			);
			runOnlyForDeploymentPostprocessing = 0;
		};
		7B62EA902C5ACEA8008DC0F2 /* Resources */ = {
			isa = PBXResourcesBuildPhase;
			buildActionMask = 2147483647;
			files = (
			);
			runOnlyForDeploymentPostprocessing = 0;
		};
		7B62EA9A2C5ACEA8008DC0F2 /* Resources */ = {
			isa = PBXResourcesBuildPhase;
			buildActionMask = 2147483647;
			files = (
			);
			runOnlyForDeploymentPostprocessing = 0;
		};
/* End PBXResourcesBuildPhase section */

/* Begin PBXSourcesBuildPhase section */
		7B62EA7E2C5ACEA6008DC0F2 /* Sources */ = {
			isa = PBXSourcesBuildPhase;
			buildActionMask = 2147483647;
			files = (
				7B62EA882C5ACEA6008DC0F2 /* ContentView.swift in Sources */,
				7B62EA862C5ACEA6008DC0F2 /* IslomAppApp.swift in Sources */,
			);
			runOnlyForDeploymentPostprocessing = 0;
		};
		7B62EA8E2C5ACEA8008DC0F2 /* Sources */ = {
			isa = PBXSourcesBuildPhase;
			buildActionMask = 2147483647;
			files = (
				7B62EA972C5ACEA8008DC0F2 /* IslomAppTests.swift in Sources */,
			);
			runOnlyForDeploymentPostprocessing = 0;
		};
		7B62EA982C5ACEA8008DC0F2 /* Sources */ = {
			isa = PBXSourcesBuildPhase;
			buildActionMask = 2147483647;
			files = (
				7B62EAA32C5ACEA8008DC0F2 /* IslomAppUITestsLaunchTests.swift in Sources */,
				7B62EAA12C5ACEA8008DC0F2 /* IslomAppUITests.swift in Sources */,
			);
			runOnlyForDeploymentPostprocessing = 0;
		};
/* End PBXSourcesBuildPhase section */

/* Begin PBXTargetDependency section */
		7B62EA942C5ACEA8008DC0F2 /* PBXTargetDependency */ = {
			isa = PBXTargetDependency;
			target = 7B62EA812C5ACEA6008DC0F2 /* IslomApp */;
			targetProxy = 7B62EA932C5ACEA8008DC0F2 /* PBXContainerItemProxy */;
		};
		7B62EA9E2C5ACEA8008DC0F2 /* PBXTargetDependency */ = {
			isa = PBXTargetDependency;
			target = 7B62EA812C5ACEA6008DC0F2 /* IslomApp */;
			targetProxy = 7B62EA9D2C5ACEA8008DC0F2 /* PBXContainerItemProxy */;
		};
/* End PBXTargetDependency section */

/* Begin XCBuildConfiguration section */
		7B62EAA42C5ACEA8008DC0F2 /* Debug */ = {
			isa = XCBuildConfiguration;
			buildSettings = {
				ALWAYS_SEARCH_USER_PATHS = NO;
				ASSETCATALOG_COMPILER_GENERATE_SWIFT_ASSET_SYMBOL_EXTENSIONS = YES;
				CLANG_ANALYZER_NONNULL = YES;
				CLANG_ANALYZER_NUMBER_OBJECT_CONVERSION = YES_AGGRESSIVE;
				CLANG_CXX_LANGUAGE_STANDARD = "gnu++20";
				CLANG_ENABLE_MODULES = YES;
				CLANG_ENABLE_OBJC_ARC = YES;
				CLANG_ENABLE_OBJC_WEAK = YES;
				CLANG_WARN_BLOCK_CAPTURE_AUTORELEASING = YES;
				CLANG_WARN_BOOL_CONVERSION = YES;
				CLANG_WARN_COMMA = YES;
				CLANG_WARN_CONSTANT_CONVERSION = YES;
				CLANG_WARN_DEPRECATED_OBJC_IMPLEMENTATIONS = YES;
				CLANG_WARN_DIRECT_OBJC_ISA_USAGE = YES_ERROR;
				CLANG_WARN_DOCUMENTATION_COMMENTS = YES;
				CLANG_WARN_EMPTY_BODY = YES;
				CLANG_WARN_ENUM_CONVERSION = YES;
				CLANG_WARN_INFINITE_RECURSION = YES;
				CLANG_WARN_INT_CONVERSION = YES;
				CLANG_WARN_NON_LITERAL_NULL_CONVERSION = YES;
				CLANG_WARN_OBJC_IMPLICIT_RETAIN_SELF = YES;
				CLANG_WARN_OBJC_LITERAL_CONVERSION = YES;
				CLANG_WARN_OBJC_ROOT_CLASS = YES_ERROR;
				CLANG_WARN_QUOTED_INCLUDE_IN_FRAMEWORK_HEADER = YES;
				CLANG_WARN_RANGE_LOOP_ANALYSIS = YES;
				CLANG_WARN_STRICT_PROTOTYPES = YES;
				CLANG_WARN_SUSPICIOUS_MOVE = YES;
				CLANG_WARN_UNGUARDED_AVAILABILITY = YES_AGGRESSIVE;
				CLANG_WARN_UNREACHABLE_CODE = YES;
				CLANG_WARN__DUPLICATE_METHOD_MATCH = YES;
				COPY_PHASE_STRIP = NO;
				DEBUG_INFORMATION_FORMAT = dwarf;
				ENABLE_STRICT_OBJC_MSGSEND = YES;
				ENABLE_TESTABILITY = YES;
				ENABLE_USER_SCRIPT_SANDBOXING = YES;
				GCC_C_LANGUAGE_STANDARD = gnu17;
				GCC_DYNAMIC_NO_PIC = NO;
				GCC_NO_COMMON_BLOCKS = YES;
				GCC_OPTIMIZATION_LEVEL = 0;
				GCC_PREPROCESSOR_DEFINITIONS = (
					"DEBUG=1",
					"$(inherited)",
				);
				GCC_WARN_64_TO_32_BIT_CONVERSION = YES;
				GCC_WARN_ABOUT_RETURN_TYPE = YES_ERROR;
				GCC_WARN_UNDECLARED_SELECTOR = YES;
				GCC_WARN_UNINITIALIZED_AUTOS = YES_AGGRESSIVE;
				GCC_WARN_UNUSED_FUNCTION = YES;
				GCC_WARN_UNUSED_VARIABLE = YES;
				IPHONEOS_DEPLOYMENT_TARGET = 17.5;
				LOCALIZATION_PREFERS_STRING_CATALOGS = YES;
				MTL_ENABLE_DEBUG_INFO = INCLUDE_SOURCE;
				MTL_FAST_MATH = YES;
				ONLY_ACTIVE_ARCH = YES;
				SDKROOT = iphoneos;
				SWIFT_ACTIVE_COMPILATION_CONDITIONS = "DEBUG $(inherited)";
				SWIFT_OPTIMIZATION_LEVEL = "-Onone";
			};
			name = Debug;
		};
		7B62EAA52C5ACEA8008DC0F2 /* Release */ = {
			isa = XCBuildConfiguration;
			buildSettings = {
				ALWAYS_SEARCH_USER_PATHS = NO;
				ASSETCATALOG_COMPILER_GENERATE_SWIFT_ASSET_SYMBOL_EXTENSIONS = YES;
				CLANG_ANALYZER_NONNULL = YES;
				CLANG_ANALYZER_NUMBER_OBJECT_CONVERSION = YES_AGGRESSIVE;
				CLANG_CXX_LANGUAGE_STANDARD = "gnu++20";
				CLANG_ENABLE_MODULES = YES;
				CLANG_ENABLE_OBJC_ARC = YES;
				CLANG_ENABLE_OBJC_WEAK = YES;
				CLANG_WARN_BLOCK_CAPTURE_AUTORELEASING = YES;
				CLANG_WARN_BOOL_CONVERSION = YES;
				CLANG_WARN_COMMA = YES;
				CLANG_WARN_CONSTANT_CONVERSION = YES;
				CLANG_WARN_DEPRECATED_OBJC_IMPLEMENTATIONS = YES;
				CLANG_WARN_DIRECT_OBJC_ISA_USAGE = YES_ERROR;
				CLANG_WARN_DOCUMENTATION_COMMENTS = YES;
				CLANG_WARN_EMPTY_BODY = YES;
				CLANG_WARN_ENUM_CONVERSION = YES;
				CLANG_WARN_INFINITE_RECURSION = YES;
				CLANG_WARN_INT_CONVERSION = YES;
				CLANG_WARN_NON_LITERAL_NULL_CONVERSION = YES;
				CLANG_WARN_OBJC_IMPLICIT_RETAIN_SELF = YES;
				CLANG_WARN_OBJC_LITERAL_CONVERSION = YES;
				CLANG_WARN_OBJC_ROOT_CLASS = YES_ERROR;
				CLANG_WARN_QUOTED_INCLUDE_IN_FRAMEWORK_HEADER = YES;
				CLANG_WARN_RANGE_LOOP_ANALYSIS = YES;
				CLANG_WARN_STRICT_PROTOTYPES = YES;
				CLANG_WARN_SUSPICIOUS_MOVE = YES;
				CLANG_WARN_UNGUARDED_AVAILABILITY = YES_AGGRESSIVE;
				CLANG_WARN_UNREACHABLE_CODE = YES;
				CLANG_WARN__DUPLICATE_METHOD_MATCH = YES;
				COPY_PHASE_STRIP = NO;
				DEBUG_INFORMATION_FORMAT = "dwarf-with-dsym";
				ENABLE_NS_ASSERTIONS = NO;
				ENABLE_STRICT_OBJC_MSGSEND = YES;
				ENABLE_USER_SCRIPT_SANDBOXING = YES;
				GCC_C_LANGUAGE_STANDARD = gnu17;
				GCC_NO_COMMON_BLOCKS = YES;
				GCC_WARN_64_TO_32_BIT_CONVERSION = YES;
				GCC_WARN_ABOUT_RETURN_TYPE = YES_ERROR;
				GCC_WARN_UNDECLARED_SELECTOR = YES;
				GCC_WARN_UNINITIALIZED_AUTOS = YES_AGGRESSIVE;
				GCC_WARN_UNUSED_FUNCTION = YES;
				GCC_WARN_UNUSED_VARIABLE = YES;
				IPHONEOS_DEPLOYMENT_TARGET = 17.5;
				LOCALIZATION_PREFERS_STRING_CATALOGS = YES;
				MTL_ENABLE_DEBUG_INFO = NO;
				MTL_FAST_MATH = YES;
				SDKROOT = iphoneos;
				SWIFT_COMPILATION_MODE = wholemodule;
				VALIDATE_PRODUCT = YES;
			};
			name = Release;
		};
		7B62EAA72C5ACEA8008DC0F2 /* Debug */ = {
			isa = XCBuildConfiguration;
			buildSettings = {
				ASSETCATALOG_COMPILER_APPICON_NAME = AppIcon;
				ASSETCATALOG_COMPILER_GLOBAL_ACCENT_COLOR_NAME = AccentColor;
				CODE_SIGN_STYLE = Automatic;
				CURRENT_PROJECT_VERSION = 1;
				DEVELOPMENT_ASSET_PATHS = "\"IslomApp/Preview Content\"";
				DEVELOPMENT_TEAM = 3DJM2CZRX2;
				ENABLE_PREVIEWS = YES;
				GENERATE_INFOPLIST_FILE = YES;
				INFOPLIST_KEY_UIApplicationSceneManifest_Generation = YES;
				INFOPLIST_KEY_UIApplicationSupportsIndirectInputEvents = YES;
				INFOPLIST_KEY_UILaunchScreen_Generation = YES;
				INFOPLIST_KEY_UISupportedInterfaceOrientations_iPad = "UIInterfaceOrientationPortrait UIInterfaceOrientationPortraitUpsideDown UIInterfaceOrientationLandscapeLeft UIInterfaceOrientationLandscapeRight";
				INFOPLIST_KEY_UISupportedInterfaceOrientations_iPhone = "UIInterfaceOrientationPortrait UIInterfaceOrientationLandscapeLeft UIInterfaceOrientationLandscapeRight";
				LD_RUNPATH_SEARCH_PATHS = (
					"$(inherited)",
					"@executable_path/Frameworks",
				);
				MARKETING_VERSION = 1.0;
				PRODUCT_BUNDLE_IDENTIFIER = AssA.IslomApp;
				PRODUCT_NAME = "$(TARGET_NAME)";
				SWIFT_EMIT_LOC_STRINGS = YES;
				SWIFT_VERSION = 5.0;
				TARGETED_DEVICE_FAMILY = "1,2";
			};
			name = Debug;
		};
		7B62EAA82C5ACEA8008DC0F2 /* Release */ = {
			isa = XCBuildConfiguration;
			buildSettings = {
				ASSETCATALOG_COMPILER_APPICON_NAME = AppIcon;
				ASSETCATALOG_COMPILER_GLOBAL_ACCENT_COLOR_NAME = AccentColor;
				CODE_SIGN_STYLE = Automatic;
				CURRENT_PROJECT_VERSION = 1;
				DEVELOPMENT_ASSET_PATHS = "\"IslomApp/Preview Content\"";
				DEVELOPMENT_TEAM = 3DJM2CZRX2;
				ENABLE_PREVIEWS = YES;
				GENERATE_INFOPLIST_FILE = YES;
				INFOPLIST_KEY_UIApplicationSceneManifest_Generation = YES;
				INFOPLIST_KEY_UIApplicationSupportsIndirectInputEvents = YES;
				INFOPLIST_KEY_UILaunchScreen_Generation = YES;
				INFOPLIST_KEY_UISupportedInterfaceOrientations_iPad = "UIInterfaceOrientationPortrait UIInterfaceOrientationPortraitUpsideDown UIInterfaceOrientationLandscapeLeft UIInterfaceOrientationLandscapeRight";
				INFOPLIST_KEY_UISupportedInterfaceOrientations_iPhone = "UIInterfaceOrientationPortrait UIInterfaceOrientationLandscapeLeft UIInterfaceOrientationLandscapeRight";
				LD_RUNPATH_SEARCH_PATHS = (
					"$(inherited)",
					"@executable_path/Frameworks",
				);
				MARKETING_VERSION = 1.0;
				PRODUCT_BUNDLE_IDENTIFIER = AssA.IslomApp;
				PRODUCT_NAME = "$(TARGET_NAME)";
				SWIFT_EMIT_LOC_STRINGS = YES;
				SWIFT_VERSION = 5.0;
				TARGETED_DEVICE_FAMILY = "1,2";
			};
			name = Release;
		};
		7B62EAAA2C5ACEA8008DC0F2 /* Debug */ = {
			isa = XCBuildConfiguration;
			buildSettings = {
				ALWAYS_EMBED_SWIFT_STANDARD_LIBRARIES = YES;
				BUNDLE_LOADER = "$(TEST_HOST)";
				CODE_SIGN_STYLE = Automatic;
				CURRENT_PROJECT_VERSION = 1;
				DEVELOPMENT_TEAM = 3DJM2CZRX2;
				GENERATE_INFOPLIST_FILE = YES;
				IPHONEOS_DEPLOYMENT_TARGET = 17.5;
				MARKETING_VERSION = 1.0;
				PRODUCT_BUNDLE_IDENTIFIER = AssA.IslomAppTests;
				PRODUCT_NAME = "$(TARGET_NAME)";
				SWIFT_EMIT_LOC_STRINGS = NO;
				SWIFT_VERSION = 5.0;
				TARGETED_DEVICE_FAMILY = "1,2";
				TEST_HOST = "$(BUILT_PRODUCTS_DIR)/IslomApp.app/$(BUNDLE_EXECUTABLE_FOLDER_PATH)/IslomApp";
			};
			name = Debug;
		};
		7B62EAAB2C5ACEA8008DC0F2 /* Release */ = {
			isa = XCBuildConfiguration;
			buildSettings = {
				ALWAYS_EMBED_SWIFT_STANDARD_LIBRARIES = YES;
				BUNDLE_LOADER = "$(TEST_HOST)";
				CODE_SIGN_STYLE = Automatic;
				CURRENT_PROJECT_VERSION = 1;
				DEVELOPMENT_TEAM = 3DJM2CZRX2;
				GENERATE_INFOPLIST_FILE = YES;
				IPHONEOS_DEPLOYMENT_TARGET = 17.5;
				MARKETING_VERSION = 1.0;
				PRODUCT_BUNDLE_IDENTIFIER = AssA.IslomAppTests;
				PRODUCT_NAME = "$(TARGET_NAME)";
				SWIFT_EMIT_LOC_STRINGS = NO;
				SWIFT_VERSION = 5.0;
				TARGETED_DEVICE_FAMILY = "1,2";
				TEST_HOST = "$(BUILT_PRODUCTS_DIR)/IslomApp.app/$(BUNDLE_EXECUTABLE_FOLDER_PATH)/IslomApp";
			};
			name = Release;
		};
		7B62EAAD2C5ACEA8008DC0F2 /* Debug */ = {
			isa = XCBuildConfiguration;
			buildSettings = {
				ALWAYS_EMBED_SWIFT_STANDARD_LIBRARIES = YES;
				CODE_SIGN_STYLE = Automatic;
				CURRENT_PROJECT_VERSION = 1;
				DEVELOPMENT_TEAM = 3DJM2CZRX2;
				GENERATE_INFOPLIST_FILE = YES;
				MARKETING_VERSION = 1.0;
				PRODUCT_BUNDLE_IDENTIFIER = AssA.IslomAppUITests;
				PRODUCT_NAME = "$(TARGET_NAME)";
				SWIFT_EMIT_LOC_STRINGS = NO;
				SWIFT_VERSION = 5.0;
				TARGETED_DEVICE_FAMILY = "1,2";
				TEST_TARGET_NAME = IslomApp;
			};
			name = Debug;
		};
		7B62EAAE2C5ACEA8008DC0F2 /* Release */ = {
			isa = XCBuildConfiguration;
			buildSettings = {
				ALWAYS_EMBED_SWIFT_STANDARD_LIBRARIES = YES;
				CODE_SIGN_STYLE = Automatic;
				CURRENT_PROJECT_VERSION = 1;
				DEVELOPMENT_TEAM = 3DJM2CZRX2;
				GENERATE_INFOPLIST_FILE = YES;
				MARKETING_VERSION = 1.0;
				PRODUCT_BUNDLE_IDENTIFIER = AssA.IslomAppUITests;
				PRODUCT_NAME = "$(TARGET_NAME)";
				SWIFT_EMIT_LOC_STRINGS = NO;
				SWIFT_VERSION = 5.0;
				TARGETED_DEVICE_FAMILY = "1,2";
				TEST_TARGET_NAME = IslomApp;
			};
			name = Release;
		};
/* End XCBuildConfiguration section */

/* Begin XCConfigurationList section */
		7B62EA7D2C5ACEA6008DC0F2 /* Build configuration list for PBXProject "IslomApp" */ = {
			isa = XCConfigurationList;
			buildConfigurations = (
				7B62EAA42C5ACEA8008DC0F2 /* Debug */,
				7B62EAA52C5ACEA8008DC0F2 /* Release */,
			);
			defaultConfigurationIsVisible = 0;
			defaultConfigurationName = Release;
		};
		7B62EAA62C5ACEA8008DC0F2 /* Build configuration list for PBXNativeTarget "IslomApp" */ = {
			isa = XCConfigurationList;
			buildConfigurations = (
				7B62EAA72C5ACEA8008DC0F2 /* Debug */,
				7B62EAA82C5ACEA8008DC0F2 /* Release */,
			);
			defaultConfigurationIsVisible = 0;
			defaultConfigurationName = Release;
		};
		7B62EAA92C5ACEA8008DC0F2 /* Build configuration list for PBXNativeTarget "IslomAppTests" */ = {
			isa = XCConfigurationList;
			buildConfigurations = (
				7B62EAAA2C5ACEA8008DC0F2 /* Debug */,
				7B62EAAB2C5ACEA8008DC0F2 /* Release */,
			);
			defaultConfigurationIsVisible = 0;
			defaultConfigurationName = Release;
		};
		7B62EAAC2C5ACEA8008DC0F2 /* Build configuration list for PBXNativeTarget "IslomAppUITests" */ = {
			isa = XCConfigurationList;
			buildConfigurations = (
				7B62EAAD2C5ACEA8008DC0F2 /* Debug */,
				7B62EAAE2C5ACEA8008DC0F2 /* Release */,
			);
			defaultConfigurationIsVisible = 0;
			defaultConfigurationName = Release;
		};
/* End XCConfigurationList section */
	};
	rootObject = 7B62EA7A2C5ACEA6008DC0F2 /* Project object */;
}
